
Microsoft Visual Studio Solution File, Format Version 12.00
# Visual Studio 15
VisualStudioVersion = 15.0.28307.168
MinimumVisualStudioVersion = 10.0.40219.1
Project("{FAE04EC0-301F-11D3-BF4B-00C04F79EFBC}") = "AdditionService", "AdditionService\AdditionService.csproj", "{283C48A7-9FE6-4B99-A77C-E2B58AD58695}"
EndProject
Global
	GlobalSection(SolutionConfigurationPlatforms) = preSolution
		Debug|Any CPU = Debug|Any CPU
		Release|Any CPU = Release|Any CPU
	EndGlobalSection
	GlobalSection(ProjectConfigurationPlatforms) = postSolution
		{283C48A7-9FE6-4B99-A77C-E2B58AD58695}.Debug|Any CPU.ActiveCfg = Debug|Any CPU
		{283C48A7-9FE6-4B99-A77C-E2B58AD58695}.Debug|Any CPU.Build.0 = Debug|Any CPU
		{283C48A7-9FE6-4B99-A77C-E2B58AD58695}.Release|Any CPU.ActiveCfg = Release|Any CPU
		{283C48A7-9FE6-4B99-A77C-E2B58AD58695}.Release|Any CPU.Build.0 = Release|Any CPU
	EndGlobalSection
	GlobalSection(SolutionProperties) = preSolution
		HideSolutionNode = FALSE
	EndGlobalSection
	GlobalSection(ExtensibilityGlobals) = postSolution
		SolutionGuid = {2C2F7C2F-CBD0-4092-8231-34F037C68E4E}
	EndGlobalSection
EndGlobal
