
Microsoft Visual Studio Solution File, Format Version 12.00
# Visual Studio 15
VisualStudioVersion = 15.0.28307.168
MinimumVisualStudioVersion = 10.0.40219.1
Project("{FAE04EC0-301F-11D3-BF4B-00C04F79EFBC}") = "MathExpressionService", "MathExpressionService\MathExpressionService.csproj", "{CFEE325F-E8AA-4719-88BD-EDFBC1FFFE85}"
EndProject
Global
	GlobalSection(SolutionConfigurationPlatforms) = preSolution
		Debug|Any CPU = Debug|Any CPU
		Release|Any CPU = Release|Any CPU
	EndGlobalSection
	GlobalSection(ProjectConfigurationPlatforms) = postSolution
		{CFEE325F-E8AA-4719-88BD-EDFBC1FFFE85}.Debug|Any CPU.ActiveCfg = Debug|Any CPU
		{CFEE325F-E8AA-4719-88BD-EDFBC1FFFE85}.Debug|Any CPU.Build.0 = Debug|Any CPU
		{CFEE325F-E8AA-4719-88BD-EDFBC1FFFE85}.Release|Any CPU.ActiveCfg = Release|Any CPU
		{CFEE325F-E8AA-4719-88BD-EDFBC1FFFE85}.Release|Any CPU.Build.0 = Release|Any CPU
	EndGlobalSection
	GlobalSection(SolutionProperties) = preSolution
		HideSolutionNode = FALSE
	EndGlobalSection
	GlobalSection(ExtensibilityGlobals) = postSolution
		SolutionGuid = {D61D111C-14ED-452A-AB5B-BF0C126DACB7}
	EndGlobalSection
EndGlobal
